lockfileVersion: '9.0'

settings:
  autoInstallPeers: true
  excludeLinksFromLockfile: false

importers:

  .:
    dependencies:
      next-nprogress-bar:
        specifier: ^2.4.7
        version: 2.4.7
      nprogress:
        specifier: ^0.2.0
        version: 0.2.0

packages:

  next-nprogress-bar@2.4.7:
    resolution: {integrity: sha512-OeveNQYFBhQhZ+RgrDnvHNUEQfHCmipymmD4AfAVE9pFV4jeWi7/nNK5f0lIk7ODRrtjyyr/n2YpkRbs5kUoMg==}

  nprogress-v2@1.1.10:
    resolution: {integrity: sha512-MypWLNIPIM07SS0bAc/oac0vhVFz9vAHm7d1sj//Pnf3J03LQ3CuWrlDteIu6exq0fIvkDJ6tUDRWLaifsIt5w==}

  nprogress@0.2.0:
    resolution: {integrity: sha512-I19aIingLgR1fmhftnbWWO3dXc0hSxqHQHQb3H8m+K3TnEn/iSeTZZOyvKXWqQESMwuUVnatlCnZdLBZZt2VSA==}

snapshots:

  next-nprogress-bar@2.4.7:
    dependencies:
      nprogress-v2: 1.1.10

  nprogress-v2@1.1.10: {}

  nprogress@0.2.0: {}
